
Microsoft Visual Studio Solution File, Format Version 12.00
# Visual Studio 15
VisualStudioVersion = 15.0.28307.757
MinimumVisualStudioVersion = 10.0.40219.1
Project("{FAE04EC0-301F-11D3-BF4B-00C04F79EFBC}") = "Algo", "Test\Algo.csproj", "{A412A3C6-2896-4F99-853F-E9EB3F284BA7}"
EndProject
Project("{9A19103F-16F7-4668-BE54-9A1E7A4F7556}") = "TU", "TU\TU.csproj", "{1498C498-5DDC-40EB-A275-38A48B77C25A}"
EndProject
Global
	GlobalSection(SolutionConfigurationPlatforms) = preSolution
		Debug|Any CPU = Debug|Any CPU
		Release|Any CPU = Release|Any CPU
	EndGlobalSection
	GlobalSection(ProjectConfigurationPlatforms) = postSolution
		{A412A3C6-2896-4F99-853F-E9EB3F284BA7}.Debug|Any CPU.ActiveCfg = Debug|Any CPU
		{A412A3C6-2896-4F99-853F-E9EB3F284BA7}.Debug|Any CPU.Build.0 = Debug|Any CPU
		{A412A3C6-2896-4F99-853F-E9EB3F284BA7}.Release|Any CPU.ActiveCfg = Release|Any CPU
		{A412A3C6-2896-4F99-853F-E9EB3F284BA7}.Release|Any CPU.Build.0 = Release|Any CPU
		{1498C498-5DDC-40EB-A275-38A48B77C25A}.Debug|Any CPU.ActiveCfg = Debug|Any CPU
		{1498C498-5DDC-40EB-A275-38A48B77C25A}.Debug|Any CPU.Build.0 = Debug|Any CPU
		{1498C498-5DDC-40EB-A275-38A48B77C25A}.Release|Any CPU.ActiveCfg = Release|Any CPU
		{1498C498-5DDC-40EB-A275-38A48B77C25A}.Release|Any CPU.Build.0 = Release|Any CPU
	EndGlobalSection
	GlobalSection(SolutionProperties) = preSolution
		HideSolutionNode = FALSE
	EndGlobalSection
	GlobalSection(ExtensibilityGlobals) = postSolution
		SolutionGuid = {B2DB8376-278A-4FA9-B8BA-509C90157F86}
	EndGlobalSection
EndGlobal
